
Microsoft Visual Studio Solution File, Format Version 12.00
# Visual Studio 14
VisualStudioVersion = 14.0.25123.0
MinimumVisualStudioVersion = 10.0.40219.1
Project("{2150E333-8FDC-42A3-9474-1A3956D46DE8}") = "App", "App", "{21862395-45C8-4E13-9890-93F04CBA41F7}"
EndProject
Project("{2150E333-8FDC-42A3-9474-1A3956D46DE8}") = "Tests", "Tests", "{0342888A-2C4E-44AA-BD8A-F45D80885428}"
EndProject
Project("{2150E333-8FDC-42A3-9474-1A3956D46DE8}") = "Library", "Library", "{A44A0F23-E2BD-4444-BF4D-531A7D656404}"
EndProject
Project("{FAE04EC0-301F-11D3-BF4B-00C04F79EFBC}") = "Mixpanel.Net.UniversalApp", "App\Mixpanel.Net.UniversalApp\Mixpanel.Net.UniversalApp.csproj", "{FB93FBF0-EF1B-490E-B2B7-B164583CF808}"
EndProject
Project("{FAE04EC0-301F-11D3-BF4B-00C04F79EFBC}") = "Mixpanel.Net.Client.SDK", "Library\Mixpanel.Net.Client\Mixpanel.Net.Client.SDK.csproj", "{96765FFA-1F88-4B82-A30C-4FDF1B38CC49}"
EndProject
Project("{FAE04EC0-301F-11D3-BF4B-00C04F79EFBC}") = "Mixpanel.Net.WPF", "App\Mixpanel.Net.WPF\Mixpanel.Net.WPF.csproj", "{4F1E9E18-A565-42BD-9FEE-077D4FE48A3E}"
EndProject
Global
	GlobalSection(SolutionConfigurationPlatforms) = preSolution
		Debug|Any CPU = Debug|Any CPU
		Debug|ARM = Debug|ARM
		Debug|x64 = Debug|x64
		Debug|x86 = Debug|x86
		Release|Any CPU = Release|Any CPU
		Release|ARM = Release|ARM
		Release|x64 = Release|x64
		Release|x86 = Release|x86
	EndGlobalSection
	GlobalSection(ProjectConfigurationPlatforms) = postSolution
		{FB93FBF0-EF1B-490E-B2B7-B164583CF808}.Debug|Any CPU.ActiveCfg = Debug|x86
		{FB93FBF0-EF1B-490E-B2B7-B164583CF808}.Debug|ARM.ActiveCfg = Debug|ARM
		{FB93FBF0-EF1B-490E-B2B7-B164583CF808}.Debug|ARM.Build.0 = Debug|ARM
		{FB93FBF0-EF1B-490E-B2B7-B164583CF808}.Debug|ARM.Deploy.0 = Debug|ARM
		{FB93FBF0-EF1B-490E-B2B7-B164583CF808}.Debug|x64.ActiveCfg = Debug|x64
		{FB93FBF0-EF1B-490E-B2B7-B164583CF808}.Debug|x64.Build.0 = Debug|x64
		{FB93FBF0-EF1B-490E-B2B7-B164583CF808}.Debug|x64.Deploy.0 = Debug|x64
		{FB93FBF0-EF1B-490E-B2B7-B164583CF808}.Debug|x86.ActiveCfg = Debug|x86
		{FB93FBF0-EF1B-490E-B2B7-B164583CF808}.Debug|x86.Build.0 = Debug|x86
		{FB93FBF0-EF1B-490E-B2B7-B164583CF808}.Debug|x86.Deploy.0 = Debug|x86
		{FB93FBF0-EF1B-490E-B2B7-B164583CF808}.Release|Any CPU.ActiveCfg = Release|x86
		{FB93FBF0-EF1B-490E-B2B7-B164583CF808}.Release|ARM.ActiveCfg = Release|ARM
		{FB93FBF0-EF1B-490E-B2B7-B164583CF808}.Release|ARM.Build.0 = Release|ARM
		{FB93FBF0-EF1B-490E-B2B7-B164583CF808}.Release|ARM.Deploy.0 = Release|ARM
		{FB93FBF0-EF1B-490E-B2B7-B164583CF808}.Release|x64.ActiveCfg = Release|x64
		{FB93FBF0-EF1B-490E-B2B7-B164583CF808}.Release|x64.Build.0 = Release|x64
		{FB93FBF0-EF1B-490E-B2B7-B164583CF808}.Release|x64.Deploy.0 = Release|x64
		{FB93FBF0-EF1B-490E-B2B7-B164583CF808}.Release|x86.ActiveCfg = Release|x86
		{FB93FBF0-EF1B-490E-B2B7-B164583CF808}.Release|x86.Build.0 = Release|x86
		{FB93FBF0-EF1B-490E-B2B7-B164583CF808}.Release|x86.Deploy.0 = Release|x86
		{96765FFA-1F88-4B82-A30C-4FDF1B38CC49}.Debug|Any CPU.ActiveCfg = Debug|Any CPU
		{96765FFA-1F88-4B82-A30C-4FDF1B38CC49}.Debug|Any CPU.Build.0 = Debug|Any CPU
		{96765FFA-1F88-4B82-A30C-4FDF1B38CC49}.Debug|ARM.ActiveCfg = Debug|Any CPU
		{96765FFA-1F88-4B82-A30C-4FDF1B38CC49}.Debug|ARM.Build.0 = Debug|Any CPU
		{96765FFA-1F88-4B82-A30C-4FDF1B38CC49}.Debug|x64.ActiveCfg = Debug|Any CPU
		{96765FFA-1F88-4B82-A30C-4FDF1B38CC49}.Debug|x64.Build.0 = Debug|Any CPU
		{96765FFA-1F88-4B82-A30C-4FDF1B38CC49}.Debug|x86.ActiveCfg = Debug|Any CPU
		{96765FFA-1F88-4B82-A30C-4FDF1B38CC49}.Debug|x86.Build.0 = Debug|Any CPU
		{96765FFA-1F88-4B82-A30C-4FDF1B38CC49}.Release|Any CPU.ActiveCfg = Release|Any CPU
		{96765FFA-1F88-4B82-A30C-4FDF1B38CC49}.Release|Any CPU.Build.0 = Release|Any CPU
		{96765FFA-1F88-4B82-A30C-4FDF1B38CC49}.Release|ARM.ActiveCfg = Release|Any CPU
		{96765FFA-1F88-4B82-A30C-4FDF1B38CC49}.Release|ARM.Build.0 = Release|Any CPU
		{96765FFA-1F88-4B82-A30C-4FDF1B38CC49}.Release|x64.ActiveCfg = Release|Any CPU
		{96765FFA-1F88-4B82-A30C-4FDF1B38CC49}.Release|x64.Build.0 = Release|Any CPU
		{96765FFA-1F88-4B82-A30C-4FDF1B38CC49}.Release|x86.ActiveCfg = Release|Any CPU
		{96765FFA-1F88-4B82-A30C-4FDF1B38CC49}.Release|x86.Build.0 = Release|Any CPU
		{4F1E9E18-A565-42BD-9FEE-077D4FE48A3E}.Debug|Any CPU.ActiveCfg = Debug|Any CPU
		{4F1E9E18-A565-42BD-9FEE-077D4FE48A3E}.Debug|Any CPU.Build.0 = Debug|Any CPU
		{4F1E9E18-A565-42BD-9FEE-077D4FE48A3E}.Debug|ARM.ActiveCfg = Debug|Any CPU
		{4F1E9E18-A565-42BD-9FEE-077D4FE48A3E}.Debug|ARM.Build.0 = Debug|Any CPU
		{4F1E9E18-A565-42BD-9FEE-077D4FE48A3E}.Debug|x64.ActiveCfg = Debug|Any CPU
		{4F1E9E18-A565-42BD-9FEE-077D4FE48A3E}.Debug|x64.Build.0 = Debug|Any CPU
		{4F1E9E18-A565-42BD-9FEE-077D4FE48A3E}.Debug|x86.ActiveCfg = Debug|Any CPU
		{4F1E9E18-A565-42BD-9FEE-077D4FE48A3E}.Debug|x86.Build.0 = Debug|Any CPU
		{4F1E9E18-A565-42BD-9FEE-077D4FE48A3E}.Release|Any CPU.ActiveCfg = Release|Any CPU
		{4F1E9E18-A565-42BD-9FEE-077D4FE48A3E}.Release|Any CPU.Build.0 = Release|Any CPU
		{4F1E9E18-A565-42BD-9FEE-077D4FE48A3E}.Release|ARM.ActiveCfg = Release|Any CPU
		{4F1E9E18-A565-42BD-9FEE-077D4FE48A3E}.Release|ARM.Build.0 = Release|Any CPU
		{4F1E9E18-A565-42BD-9FEE-077D4FE48A3E}.Release|x64.ActiveCfg = Release|Any CPU
		{4F1E9E18-A565-42BD-9FEE-077D4FE48A3E}.Release|x64.Build.0 = Release|Any CPU
		{4F1E9E18-A565-42BD-9FEE-077D4FE48A3E}.Release|x86.ActiveCfg = Release|Any CPU
		{4F1E9E18-A565-42BD-9FEE-077D4FE48A3E}.Release|x86.Build.0 = Release|Any CPU
	EndGlobalSection
	GlobalSection(SolutionProperties) = preSolution
		HideSolutionNode = FALSE
	EndGlobalSection
	GlobalSection(NestedProjects) = preSolution
		{FB93FBF0-EF1B-490E-B2B7-B164583CF808} = {21862395-45C8-4E13-9890-93F04CBA41F7}
		{96765FFA-1F88-4B82-A30C-4FDF1B38CC49} = {A44A0F23-E2BD-4444-BF4D-531A7D656404}
		{4F1E9E18-A565-42BD-9FEE-077D4FE48A3E} = {21862395-45C8-4E13-9890-93F04CBA41F7}
	EndGlobalSection
EndGlobal
